
Microsoft Visual Studio Solution File, Format Version 12.00
# Visual Studio 14
VisualStudioVersion = 14.0.25123.0
MinimumVisualStudioVersion = 10.0.40219.1
Project("{FAE04EC0-301F-11D3-BF4B-00C04F79EFBC}") = "InitialSetup", "InitialSetup\InitialSetup.csproj", "{99EDCD46-AF12-4F94-A6E5-5ABF600A8D79}"
EndProject
Project("{FAE04EC0-301F-11D3-BF4B-00C04F79EFBC}") = "ViliansName", "..\..\CSharpHomewoek\OperatorAndExpression\ViliansName.csproj", "{240E1991-D966-4604-B840-4ED404D423BD}"
EndProject
Project("{FAE04EC0-301F-11D3-BF4B-00C04F79EFBC}") = "MinionNames", "MinionNames\MinionNames.csproj", "{4895C39A-EF83-441B-9D2C-B113A23D867D}"
EndProject
Project("{FAE04EC0-301F-11D3-BF4B-00C04F79EFBC}") = "AddMinions", "AddMinions\AddMinions.csproj", "{AB9B66AB-C5D6-4EE4-9269-D1167ADFFD12}"
EndProject
Global
	GlobalSection(SolutionConfigurationPlatforms) = preSolution
		Debug|Any CPU = Debug|Any CPU
		Release|Any CPU = Release|Any CPU
	EndGlobalSection
	GlobalSection(ProjectConfigurationPlatforms) = postSolution
		{99EDCD46-AF12-4F94-A6E5-5ABF600A8D79}.Debug|Any CPU.ActiveCfg = Debug|Any CPU
		{99EDCD46-AF12-4F94-A6E5-5ABF600A8D79}.Debug|Any CPU.Build.0 = Debug|Any CPU
		{99EDCD46-AF12-4F94-A6E5-5ABF600A8D79}.Release|Any CPU.ActiveCfg = Release|Any CPU
		{99EDCD46-AF12-4F94-A6E5-5ABF600A8D79}.Release|Any CPU.Build.0 = Release|Any CPU
		{240E1991-D966-4604-B840-4ED404D423BD}.Debug|Any CPU.ActiveCfg = Debug|Any CPU
		{240E1991-D966-4604-B840-4ED404D423BD}.Debug|Any CPU.Build.0 = Debug|Any CPU
		{240E1991-D966-4604-B840-4ED404D423BD}.Release|Any CPU.ActiveCfg = Release|Any CPU
		{240E1991-D966-4604-B840-4ED404D423BD}.Release|Any CPU.Build.0 = Release|Any CPU
		{4895C39A-EF83-441B-9D2C-B113A23D867D}.Debug|Any CPU.ActiveCfg = Debug|Any CPU
		{4895C39A-EF83-441B-9D2C-B113A23D867D}.Debug|Any CPU.Build.0 = Debug|Any CPU
		{4895C39A-EF83-441B-9D2C-B113A23D867D}.Release|Any CPU.ActiveCfg = Release|Any CPU
		{4895C39A-EF83-441B-9D2C-B113A23D867D}.Release|Any CPU.Build.0 = Release|Any CPU
		{AB9B66AB-C5D6-4EE4-9269-D1167ADFFD12}.Debug|Any CPU.ActiveCfg = Debug|Any CPU
		{AB9B66AB-C5D6-4EE4-9269-D1167ADFFD12}.Debug|Any CPU.Build.0 = Debug|Any CPU
		{AB9B66AB-C5D6-4EE4-9269-D1167ADFFD12}.Release|Any CPU.ActiveCfg = Release|Any CPU
		{AB9B66AB-C5D6-4EE4-9269-D1167ADFFD12}.Release|Any CPU.Build.0 = Release|Any CPU
	EndGlobalSection
	GlobalSection(SolutionProperties) = preSolution
		HideSolutionNode = FALSE
	EndGlobalSection
EndGlobal
